
Microsoft Visual Studio Solution File, Format Version 12.00
# Visual Studio Version 16
VisualStudioVersion = 16.0.31105.61
MinimumVisualStudioVersion = 10.0.40219.1
Project("{FAE04EC0-301F-11D3-BF4B-00C04F79EFBC}") = "SwitchBoardSimulation", "SwitchBoardSimulation\SwitchBoardSimulation.csproj", "{E2B2A989-4BA5-4C2C-8544-9C89D2812BAF}"
EndProject
Global
	GlobalSection(SolutionConfigurationPlatforms) = preSolution
		Debug|Any CPU = Debug|Any CPU
		Release|Any CPU = Release|Any CPU
	EndGlobalSection
	GlobalSection(ProjectConfigurationPlatforms) = postSolution
		{E2B2A989-4BA5-4C2C-8544-9C89D2812BAF}.Debug|Any CPU.ActiveCfg = Debug|Any CPU
		{E2B2A989-4BA5-4C2C-8544-9C89D2812BAF}.Debug|Any CPU.Build.0 = Debug|Any CPU
		{E2B2A989-4BA5-4C2C-8544-9C89D2812BAF}.Release|Any CPU.ActiveCfg = Release|Any CPU
		{E2B2A989-4BA5-4C2C-8544-9C89D2812BAF}.Release|Any CPU.Build.0 = Release|Any CPU
	EndGlobalSection
	GlobalSection(SolutionProperties) = preSolution
		HideSolutionNode = FALSE
	EndGlobalSection
	GlobalSection(ExtensibilityGlobals) = postSolution
		SolutionGuid = {6E3A4DDC-9CD0-46F2-B214-2EC86EF0F860}
	EndGlobalSection
EndGlobal
